
Microsoft Visual Studio Solution File, Format Version 11.00
# Visual Studio 2010
Project("{FAE04EC0-301F-11D3-BF4B-00C04F79EFBC}") = "DTO Mapping Test", "DTO Mapping Test\DTO Mapping Test.csproj", "{428E6E5B-ACD4-48D9-BA3F-5ADE4C869ED9}"
EndProject
Project("{FAE04EC0-301F-11D3-BF4B-00C04F79EFBC}") = "DTO Mapping Test Entities", "DTO Mapping Test Entities\DTO Mapping Test Entities.csproj", "{192CC677-2222-4638-B01A-376641912E00}"
EndProject
Project("{FAE04EC0-301F-11D3-BF4B-00C04F79EFBC}") = "DTO Mapping Test Tests", "DTO Mapping Test Tests\DTO Mapping Test Tests.csproj", "{5B4D56CD-19A5-45C8-92EF-11BB29876571}"
EndProject
Project("{2150E333-8FDC-42A3-9474-1A3956D46DE8}") = "Solution Items", "Solution Items", "{7EE18859-7FF8-42BE-A0BA-4E8EE6D9B426}"
	ProjectSection(SolutionItems) = preProject
		DTO Mapping Test.vsmdi = DTO Mapping Test.vsmdi
		Local.testsettings = Local.testsettings
		TraceAndTestImpact.testsettings = TraceAndTestImpact.testsettings
	EndProjectSection
EndProject
Project("{FAE04EC0-301F-11D3-BF4B-00C04F79EFBC}") = "DTO Mapping Test Service", "DTO Mapping Test Service\DTO Mapping Test Service.csproj", "{36CED6A7-B620-466B-8B17-FC2E6085604D}"
EndProject
Global
	GlobalSection(TestCaseManagementSettings) = postSolution
		CategoryFile = DTO Mapping Test.vsmdi
	EndGlobalSection
	GlobalSection(SolutionConfigurationPlatforms) = preSolution
		Debug|Any CPU = Debug|Any CPU
		Debug|Mixed Platforms = Debug|Mixed Platforms
		Debug|x86 = Debug|x86
		Release|Any CPU = Release|Any CPU
		Release|Mixed Platforms = Release|Mixed Platforms
		Release|x86 = Release|x86
	EndGlobalSection
	GlobalSection(ProjectConfigurationPlatforms) = postSolution
		{428E6E5B-ACD4-48D9-BA3F-5ADE4C869ED9}.Debug|Any CPU.ActiveCfg = Debug|x86
		{428E6E5B-ACD4-48D9-BA3F-5ADE4C869ED9}.Debug|Mixed Platforms.ActiveCfg = Debug|x86
		{428E6E5B-ACD4-48D9-BA3F-5ADE4C869ED9}.Debug|Mixed Platforms.Build.0 = Debug|x86
		{428E6E5B-ACD4-48D9-BA3F-5ADE4C869ED9}.Debug|x86.ActiveCfg = Debug|x86
		{428E6E5B-ACD4-48D9-BA3F-5ADE4C869ED9}.Debug|x86.Build.0 = Debug|x86
		{428E6E5B-ACD4-48D9-BA3F-5ADE4C869ED9}.Release|Any CPU.ActiveCfg = Release|x86
		{428E6E5B-ACD4-48D9-BA3F-5ADE4C869ED9}.Release|Mixed Platforms.ActiveCfg = Release|x86
		{428E6E5B-ACD4-48D9-BA3F-5ADE4C869ED9}.Release|Mixed Platforms.Build.0 = Release|x86
		{428E6E5B-ACD4-48D9-BA3F-5ADE4C869ED9}.Release|x86.ActiveCfg = Release|x86
		{428E6E5B-ACD4-48D9-BA3F-5ADE4C869ED9}.Release|x86.Build.0 = Release|x86
		{192CC677-2222-4638-B01A-376641912E00}.Debug|Any CPU.ActiveCfg = Debug|x86
		{192CC677-2222-4638-B01A-376641912E00}.Debug|Mixed Platforms.ActiveCfg = Debug|x86
		{192CC677-2222-4638-B01A-376641912E00}.Debug|Mixed Platforms.Build.0 = Debug|x86
		{192CC677-2222-4638-B01A-376641912E00}.Debug|x86.ActiveCfg = Debug|x86
		{192CC677-2222-4638-B01A-376641912E00}.Debug|x86.Build.0 = Debug|x86
		{192CC677-2222-4638-B01A-376641912E00}.Release|Any CPU.ActiveCfg = Release|x86
		{192CC677-2222-4638-B01A-376641912E00}.Release|Mixed Platforms.ActiveCfg = Release|x86
		{192CC677-2222-4638-B01A-376641912E00}.Release|Mixed Platforms.Build.0 = Release|x86
		{192CC677-2222-4638-B01A-376641912E00}.Release|x86.ActiveCfg = Release|x86
		{192CC677-2222-4638-B01A-376641912E00}.Release|x86.Build.0 = Release|x86
		{5B4D56CD-19A5-45C8-92EF-11BB29876571}.Debug|Any CPU.ActiveCfg = Debug|Any CPU
		{5B4D56CD-19A5-45C8-92EF-11BB29876571}.Debug|Any CPU.Build.0 = Debug|Any CPU
		{5B4D56CD-19A5-45C8-92EF-11BB29876571}.Debug|Mixed Platforms.ActiveCfg = Debug|Any CPU
		{5B4D56CD-19A5-45C8-92EF-11BB29876571}.Debug|Mixed Platforms.Build.0 = Debug|Any CPU
		{5B4D56CD-19A5-45C8-92EF-11BB29876571}.Debug|x86.ActiveCfg = Debug|Any CPU
		{5B4D56CD-19A5-45C8-92EF-11BB29876571}.Release|Any CPU.ActiveCfg = Release|Any CPU
		{5B4D56CD-19A5-45C8-92EF-11BB29876571}.Release|Any CPU.Build.0 = Release|Any CPU
		{5B4D56CD-19A5-45C8-92EF-11BB29876571}.Release|Mixed Platforms.ActiveCfg = Release|Any CPU
		{5B4D56CD-19A5-45C8-92EF-11BB29876571}.Release|Mixed Platforms.Build.0 = Release|Any CPU
		{5B4D56CD-19A5-45C8-92EF-11BB29876571}.Release|x86.ActiveCfg = Release|Any CPU
		{36CED6A7-B620-466B-8B17-FC2E6085604D}.Debug|Any CPU.ActiveCfg = Debug|Any CPU
		{36CED6A7-B620-466B-8B17-FC2E6085604D}.Debug|Any CPU.Build.0 = Debug|Any CPU
		{36CED6A7-B620-466B-8B17-FC2E6085604D}.Debug|Mixed Platforms.ActiveCfg = Debug|Any CPU
		{36CED6A7-B620-466B-8B17-FC2E6085604D}.Debug|Mixed Platforms.Build.0 = Debug|Any CPU
		{36CED6A7-B620-466B-8B17-FC2E6085604D}.Debug|x86.ActiveCfg = Debug|Any CPU
		{36CED6A7-B620-466B-8B17-FC2E6085604D}.Release|Any CPU.ActiveCfg = Release|Any CPU
		{36CED6A7-B620-466B-8B17-FC2E6085604D}.Release|Any CPU.Build.0 = Release|Any CPU
		{36CED6A7-B620-466B-8B17-FC2E6085604D}.Release|Mixed Platforms.ActiveCfg = Release|Any CPU
		{36CED6A7-B620-466B-8B17-FC2E6085604D}.Release|Mixed Platforms.Build.0 = Release|Any CPU
		{36CED6A7-B620-466B-8B17-FC2E6085604D}.Release|x86.ActiveCfg = Release|Any CPU
	EndGlobalSection
	GlobalSection(SolutionProperties) = preSolution
		HideSolutionNode = FALSE
	EndGlobalSection
EndGlobal
